
Microsoft Visual Studio Solution File, Format Version 12.00
# Visual Studio 2012
Project("{FAE04EC0-301F-11D3-BF4B-00C04F79EFBC}") = "SPA1", "SPA1\SPA1.csproj", "{EB57E171-3134-4530-A62A-56CEF666684F}"
EndProject
Global
	GlobalSection(SolutionConfigurationPlatforms) = preSolution
		Debug|Any CPU = Debug|Any CPU
		Release|Any CPU = Release|Any CPU
	EndGlobalSection
	GlobalSection(ProjectConfigurationPlatforms) = postSolution
		{EB57E171-3134-4530-A62A-56CEF666684F}.Debug|Any CPU.ActiveCfg = Debug|Any CPU
		{EB57E171-3134-4530-A62A-56CEF666684F}.Debug|Any CPU.Build.0 = Debug|Any CPU
		{EB57E171-3134-4530-A62A-56CEF666684F}.Release|Any CPU.ActiveCfg = Release|Any CPU
		{EB57E171-3134-4530-A62A-56CEF666684F}.Release|Any CPU.Build.0 = Release|Any CPU
	EndGlobalSection
	GlobalSection(SolutionProperties) = preSolution
		HideSolutionNode = FALSE
	EndGlobalSection
EndGlobal
